
Microsoft Visual Studio Solution File, Format Version 12.00
# Visual Studio 2013
VisualStudioVersion = 12.0.31101.0
MinimumVisualStudioVersion = 10.0.40219.1
Project("{2150E333-8FDC-42A3-9474-1A3956D46DE8}") = ".nuget", ".nuget", "{CCCD7C88-4E5F-4B76-8DDD-D42F064F4B5F}"
	ProjectSection(SolutionItems) = preProject
		.nuget\packages.config = .nuget\packages.config
	EndProjectSection
EndProject
Project("{FAE04EC0-301F-11D3-BF4B-00C04F79EFBC}") = "CalcTests.UITests", "CalcTests.UITests\CalcTests.UITests.csproj", "{540046E8-0C93-4270-BF28-9938943C3D32}"
EndProject
Global
	GlobalSection(SolutionConfigurationPlatforms) = preSolution
		Debug|Any CPU = Debug|Any CPU
		Release|Any CPU = Release|Any CPU
	EndGlobalSection
	GlobalSection(ProjectConfigurationPlatforms) = postSolution
		{540046E8-0C93-4270-BF28-9938943C3D32}.Debug|Any CPU.ActiveCfg = Debug|Any CPU
		{540046E8-0C93-4270-BF28-9938943C3D32}.Debug|Any CPU.Build.0 = Debug|Any CPU
		{540046E8-0C93-4270-BF28-9938943C3D32}.Release|Any CPU.ActiveCfg = Release|Any CPU
		{540046E8-0C93-4270-BF28-9938943C3D32}.Release|Any CPU.Build.0 = Release|Any CPU
	EndGlobalSection
	GlobalSection(SolutionProperties) = preSolution
		HideSolutionNode = FALSE
	EndGlobalSection
EndGlobal
